{
    "_readme": [
        "This file locks the dependencies of your project to a known state",
        "Read more about it at https://getcomposer.org/doc/01-basic-usage.md#installing-dependencies",
        "This file is @generated automatically"
    ],
    "content-hash": "931d8b0ee81927edc13ec76798a48501",
    "packages": [
        {
            "name": "erusev/parsedown",
            "version": "1.7.4",
            "source": {
                "type": "git",
                "url": "https://github.com/erusev/parsedown.git",
                "reference": "cb17b6477dfff935958ba01325f2e8a2bfa6dab3"
            },
            "dist": {
                "type": "zip",
                "url": "https://api.github.com/repos/erusev/parsedown/zipball/cb17b6477dfff935958ba01325f2e8a2bfa6dab3",
                "reference": "cb17b6477dfff935958ba01325f2e8a2bfa6dab3",
                "shasum": ""
            },
            "require": {
                "ext-mbstring": "*",
                "php": ">=5.3.0"
            },
            "require-dev": {
                "phpunit/phpunit": "^4.8.35"
            },
            "type": "library",
            "autoload": {
                "psr-0": {
                    "Parsedown": ""
                }
            },
            "notification-url": "https://packagist.org/downloads/",
            "license": [
                "MIT"
            ],
            "authors": [
                {
                    "name": "Emanuil Rusev",
                    "email": "hello@erusev.com",
                    "homepage": "http://erusev.com"
                }
            ],
            "description": "Parser for Markdown.",
            "homepage": "http://parsedown.org",
            "keywords": [
                "markdown",
                "parser"
            ],
            "support": {
                "issues": "https://github.com/erusev/parsedown/issues",
                "source": "https://github.com/erusev/parsedown/tree/1.7.x"
            },
            "time": "2019-12-30T22:54:17+00:00"
        },
        {
            "name": "mongodb/mongodb",
            "version": "1.5.2",
            "source": {
                "type": "git",
                "url": "https://github.com/mongodb/mongo-php-library.git",
                "reference": "9480f994de9f70e2ae5a946b21e6fc04bf5a6c3c"
            },
            "dist": {
                "type": "zip",
                "url": "https://api.github.com/repos/mongodb/mongo-php-library/zipball/9480f994de9f70e2ae5a946b21e6fc04bf5a6c3c",
                "reference": "9480f994de9f70e2ae5a946b21e6fc04bf5a6c3c",
                "shasum": ""
            },
            "require": {
                "ext-hash": "*",
                "ext-json": "*",
                "ext-mongodb": "^1.6",
                "php": "^5.6 || ^7.0"
            },
            "require-dev": {
                "phpunit/phpunit": "^5.7.27 || ^6.4 || ^8.3",
                "sebastian/comparator": "^1.0 || ^2.0 || ^3.0",
                "squizlabs/php_codesniffer": "^3.4",
                "symfony/phpunit-bridge": "^4.4@dev"
            },
            "type": "library",
            "extra": {
                "branch-alias": {
                    "dev-master": "1.5.x-dev"
                }
            },
            "autoload": {
                "psr-4": {
                    "MongoDB\\": "src/"
                },
                "files": [
                    "src/functions.php"
                ]
            },
            "notification-url": "https://packagist.org/downloads/",
            "license": [
                "Apache-2.0"
            ],
            "authors": [
                {
                    "name": "Andreas Braun",
                    "email": "andreas.braun@mongodb.com"
                },
                {
                    "name": "Jeremy Mikola",
                    "email": "jmikola@gmail.com"
                },
                {
                    "name": "Katherine Walker",
                    "email": "katherine.walker@mongodb.com"
                }
            ],
            "description": "MongoDB driver library",
            "homepage": "https://jira.mongodb.org/browse/PHPLIB",
            "keywords": [
                "database",
                "driver",
                "mongodb",
                "persistence"
            ],
            "support": {
                "issues": "https://github.com/mongodb/mongo-php-library/issues",
                "source": "https://github.com/mongodb/mongo-php-library/tree/v1.5"
            },
            "time": "2019-11-15T08:21:00+00:00"
        }
    ],
    "packages-dev": [],
    "aliases": [],
    "minimum-stability": "stable",
    "stability-flags": [],
    "prefer-stable": false,
    "prefer-lowest": false,
    "platform": [],
    "platform-dev": [],
    "plugin-api-version": "2.0.0"
}
